DEPENDENCIES
  base_server
    path: cookbooks/base_server
  cg_mysql
    path: cookbooks/cg_mysql
  cg_percona
    path: cookbooks/cg_percona
  chef
  docker
  mysql
  nginx

GRAPH
  apache2 (3.1.0)
  apt (2.7.0)
  apt-chef (0.2.0)
    apt (>= 0.0.0)
  base_server (0.2.0)
    docker (>= 0.0.0)
  bluepill (2.3.1)
    rsyslog (>= 0.0.0)
  build-essential (2.2.2)
  cg_mysql (0.1.0)
    apt (>= 0.0.0)
    mysql (>= 0.0.0)
  cg_percona (0.1.0)
    percona (>= 0.0.0)
  chef (0.99.9)
    apache2 (>= 0.0.0)
    bluepill (>= 0.0.0)
    chef-client (>= 0.0.0)
    chef-server (>= 0.0.0)
    couchdb (>= 0.0.0)
    daemontools (>= 0.0.0)
    java (>= 0.0.0)
    openssl (>= 0.0.0)
    runit (>= 0.0.0)
    xml (>= 0.0.0)
    zlib (>= 0.0.0)
  chef-client (4.3.1)
    cron (>= 1.2.0)
    logrotate (>= 1.2.0)
    windows (~> 1.37)
  chef-ingredient (0.11.3)
    apt-chef (>= 0.0.0)
    yum-chef (>= 0.0.0)
  chef-server (4.1.0)
    chef-ingredient (>= 0.11.0)
  chef-sugar (3.1.1)
  chef-vault (1.3.2)
  chef_handler (1.2.0)
  compat_resource (12.5.9)
  couchdb (2.5.2)
    erlang (>= 0.0.0)
    yum (~> 3.0)
    yum-epel (>= 0.0.0)
  cron (1.7.0)
  daemontools (1.5.0)
    build-essential (>= 0.0.0)
    pacman (>= 0.0.0)
  docker (2.1.1)
    compat_resource (>= 0.0.0)
  erlang (1.5.8)
    apt (>= 1.7.0)
    build-essential (>= 0.0.0)
    yum (~> 3.0)
    yum-epel (>= 0.0.0)
    yum-erlang_solutions (>= 0.0.0)
  java (1.35.0)
  logrotate (1.9.2)
  mysql (6.1.2)
    smf (>= 0.0.0)
    yum-mysql-community (>= 0.0.0)
  nginx (2.7.6)
    apt (~> 2.2)
    bluepill (~> 2.3)
    build-essential (~> 2.0)
    ohai (~> 2.0)
    runit (~> 1.2)
    yum-epel (~> 0.3)
  ohai (2.0.1)
  openssl (4.4.0)
    chef-sugar (>= 3.1.1)
  pacman (1.1.1)
  percona (0.16.1)
    apt (>= 2.7.0)
    build-essential (>= 0.0.0)
    chef-vault (>= 0.0.0)
    openssl (>= 0.0.0)
    yum (~> 3.0)
    yum-epel (>= 0.0.0)
  rbac (1.0.3)
  rsyslog (1.15.0)
  runit (1.5.18)
    build-essential (>= 0.0.0)
    yum (~> 3.0)
    yum-epel (>= 0.0.0)
  smf (2.2.7)
    rbac (>= 1.0.1)
  windows (1.38.2)
    chef_handler (>= 0.0.0)
  xml (1.3.1)
    build-essential (>= 0.0.0)
    chef-sugar (>= 0.0.0)
  yum (3.5.3)
  yum-chef (0.2.1)
    yum (>= 3.2)
  yum-epel (0.6.0)
    yum (~> 3.0)
  yum-erlang_solutions (0.2.2)
    yum (~> 3.2)
  yum-mysql-community (0.1.18)
    yum (>= 3.0)
  zlib (2.0.1)
